
Microsoft Visual Studio Solution File, Format Version 12.00
# Visual Studio Version 17
VisualStudioVersion = 17.14.37012.4 d17.14
MinimumVisualStudioVersion = 10.0.40219.1
Project("{FAE04EC0-301F-11D3-BF4B-00C04F79EFBC}") = "Lab 1", "Lab 1\Lab 1.csproj", "{D094532A-EA8D-4405-AC39-A2E805C1C32B}"
EndProject
Global
	GlobalSection(SolutionConfigurationPlatforms) = preSolution
		Debug|Any CPU = Debug|Any CPU
		Release|Any CPU = Release|Any CPU
	EndGlobalSection
	GlobalSection(ProjectConfigurationPlatforms) = postSolution
		{D094532A-EA8D-4405-AC39-A2E805C1C32B}.Debug|Any CPU.ActiveCfg = Debug|Any CPU
		{D094532A-EA8D-4405-AC39-A2E805C1C32B}.Debug|Any CPU.Build.0 = Debug|Any CPU
		{D094532A-EA8D-4405-AC39-A2E805C1C32B}.Release|Any CPU.ActiveCfg = Release|Any CPU
		{D094532A-EA8D-4405-AC39-A2E805C1C32B}.Release|Any CPU.Build.0 = Release|Any CPU
	EndGlobalSection
	GlobalSection(SolutionProperties) = preSolution
		HideSolutionNode = FALSE
	EndGlobalSection
	GlobalSection(ExtensibilityGlobals) = postSolution
		SolutionGuid = {A41021D7-5D10-48F7-A60F-15D4E6C58C9B}
	EndGlobalSection
EndGlobal
